
Microsoft Visual Studio Solution File, Format Version 12.00
# Visual Studio Version 17
VisualStudioVersion = 17.8.34601.278
MinimumVisualStudioVersion = 10.0.40219.1
Project("{9A19103F-16F7-4668-BE54-9A1E7A4F7556}") = "Store", "Store\Store.csproj", "{602D541F-6CC3-4770-A443-1894BF2120D5}"
EndProject
Project("{9A19103F-16F7-4668-BE54-9A1E7A4F7556}") = "CarRental", "CarRental\CarRental.csproj", "{991186F3-33C5-4E4D-B986-ADD51A6CD045}"
EndProject
Project("{9A19103F-16F7-4668-BE54-9A1E7A4F7556}") = "Shape", "Shape\Shape.csproj", "{9DB15668-A8EC-458D-8D2A-D457B14CF40B}"
EndProject
Project("{9A19103F-16F7-4668-BE54-9A1E7A4F7556}") = "Devices", "Devices\Devices.csproj", "{DA3E9787-A770-498C-BAA0-84860D5248E8}"
EndProject
Project("{9A19103F-16F7-4668-BE54-9A1E7A4F7556}") = "Bakery", "Bakery\Bakery.csproj", "{A9566BDE-EC9E-4162-A6CB-2609FEB3D56E}"
EndProject
Project("{9A19103F-16F7-4668-BE54-9A1E7A4F7556}") = "RealEstate", "RealEstate\RealEstate.csproj", "{1B2457B9-7AF4-4BB9-A921-A09B05DF50EF}"
EndProject
Project("{9A19103F-16F7-4668-BE54-9A1E7A4F7556}") = "ButcherShop", "ButcherShop\ButcherShop.csproj", "{4419CEAA-35A2-4651-964D-DEC0A121FAB6}"
EndProject
Project("{9A19103F-16F7-4668-BE54-9A1E7A4F7556}") = "UserLog", "UserLog\UserLog.csproj", "{A817738D-ADCB-4724-A356-72F439F4EE58}"
EndProject
Project("{9A19103F-16F7-4668-BE54-9A1E7A4F7556}") = "Election", "Election\Election.csproj", "{310BF802-BE7B-4655-AF0B-5A85FD0C43F0}"
EndProject
Project("{9A19103F-16F7-4668-BE54-9A1E7A4F7556}") = "Posts", "Posts\Posts.csproj", "{9F87F94A-3A1A-40D6-8DB0-3A920259541A}"
EndProject
Project("{9A19103F-16F7-4668-BE54-9A1E7A4F7556}") = "Supermarket", "Supermarket\Supermarket.csproj", "{030CA0F9-8255-448D-A9A7-D4C793DFE013}"
EndProject
Project("{9A19103F-16F7-4668-BE54-9A1E7A4F7556}") = "Enterprise", "Enterprise\Enterprise.csproj", "{D99C2E0B-4F0E-41AD-B979-7DECC942E155}"
EndProject
Project("{2150E333-8FDC-42A3-9474-1A3956D46DE8}") = "Itens de Solução", "Itens de Solução", "{6584ABE0-5FC9-4CA8-9127-A8D04993F509}"
	ProjectSection(SolutionItems) = preProject
		Exercises.txt = Exercises.txt
	EndProjectSection
EndProject
Global
	GlobalSection(SolutionConfigurationPlatforms) = preSolution
		Debug|Any CPU = Debug|Any CPU
		Release|Any CPU = Release|Any CPU
	EndGlobalSection
	GlobalSection(ProjectConfigurationPlatforms) = postSolution
		{602D541F-6CC3-4770-A443-1894BF2120D5}.Debug|Any CPU.ActiveCfg = Debug|Any CPU
		{602D541F-6CC3-4770-A443-1894BF2120D5}.Debug|Any CPU.Build.0 = Debug|Any CPU
		{602D541F-6CC3-4770-A443-1894BF2120D5}.Release|Any CPU.ActiveCfg = Release|Any CPU
		{602D541F-6CC3-4770-A443-1894BF2120D5}.Release|Any CPU.Build.0 = Release|Any CPU
		{991186F3-33C5-4E4D-B986-ADD51A6CD045}.Debug|Any CPU.ActiveCfg = Debug|Any CPU
		{991186F3-33C5-4E4D-B986-ADD51A6CD045}.Debug|Any CPU.Build.0 = Debug|Any CPU
		{991186F3-33C5-4E4D-B986-ADD51A6CD045}.Release|Any CPU.ActiveCfg = Release|Any CPU
		{991186F3-33C5-4E4D-B986-ADD51A6CD045}.Release|Any CPU.Build.0 = Release|Any CPU
		{9DB15668-A8EC-458D-8D2A-D457B14CF40B}.Debug|Any CPU.ActiveCfg = Debug|Any CPU
		{9DB15668-A8EC-458D-8D2A-D457B14CF40B}.Debug|Any CPU.Build.0 = Debug|Any CPU
		{9DB15668-A8EC-458D-8D2A-D457B14CF40B}.Release|Any CPU.ActiveCfg = Release|Any CPU
		{9DB15668-A8EC-458D-8D2A-D457B14CF40B}.Release|Any CPU.Build.0 = Release|Any CPU
		{DA3E9787-A770-498C-BAA0-84860D5248E8}.Debug|Any CPU.ActiveCfg = Debug|Any CPU
		{DA3E9787-A770-498C-BAA0-84860D5248E8}.Debug|Any CPU.Build.0 = Debug|Any CPU
		{DA3E9787-A770-498C-BAA0-84860D5248E8}.Release|Any CPU.ActiveCfg = Release|Any CPU
		{DA3E9787-A770-498C-BAA0-84860D5248E8}.Release|Any CPU.Build.0 = Release|Any CPU
		{A9566BDE-EC9E-4162-A6CB-2609FEB3D56E}.Debug|Any CPU.ActiveCfg = Debug|Any CPU
		{A9566BDE-EC9E-4162-A6CB-2609FEB3D56E}.Debug|Any CPU.Build.0 = Debug|Any CPU
		{A9566BDE-EC9E-4162-A6CB-2609FEB3D56E}.Release|Any CPU.ActiveCfg = Release|Any CPU
		{A9566BDE-EC9E-4162-A6CB-2609FEB3D56E}.Release|Any CPU.Build.0 = Release|Any CPU
		{1B2457B9-7AF4-4BB9-A921-A09B05DF50EF}.Debug|Any CPU.ActiveCfg = Debug|Any CPU
		{1B2457B9-7AF4-4BB9-A921-A09B05DF50EF}.Debug|Any CPU.Build.0 = Debug|Any CPU
		{1B2457B9-7AF4-4BB9-A921-A09B05DF50EF}.Release|Any CPU.ActiveCfg = Release|Any CPU
		{1B2457B9-7AF4-4BB9-A921-A09B05DF50EF}.Release|Any CPU.Build.0 = Release|Any CPU
		{4419CEAA-35A2-4651-964D-DEC0A121FAB6}.Debug|Any CPU.ActiveCfg = Debug|Any CPU
		{4419CEAA-35A2-4651-964D-DEC0A121FAB6}.Debug|Any CPU.Build.0 = Debug|Any CPU
		{4419CEAA-35A2-4651-964D-DEC0A121FAB6}.Release|Any CPU.ActiveCfg = Release|Any CPU
		{4419CEAA-35A2-4651-964D-DEC0A121FAB6}.Release|Any CPU.Build.0 = Release|Any CPU
		{A817738D-ADCB-4724-A356-72F439F4EE58}.Debug|Any CPU.ActiveCfg = Debug|Any CPU
		{A817738D-ADCB-4724-A356-72F439F4EE58}.Debug|Any CPU.Build.0 = Debug|Any CPU
		{A817738D-ADCB-4724-A356-72F439F4EE58}.Release|Any CPU.ActiveCfg = Release|Any CPU
		{A817738D-ADCB-4724-A356-72F439F4EE58}.Release|Any CPU.Build.0 = Release|Any CPU
		{310BF802-BE7B-4655-AF0B-5A85FD0C43F0}.Debug|Any CPU.ActiveCfg = Debug|Any CPU
		{310BF802-BE7B-4655-AF0B-5A85FD0C43F0}.Debug|Any CPU.Build.0 = Debug|Any CPU
		{310BF802-BE7B-4655-AF0B-5A85FD0C43F0}.Release|Any CPU.ActiveCfg = Release|Any CPU
		{310BF802-BE7B-4655-AF0B-5A85FD0C43F0}.Release|Any CPU.Build.0 = Release|Any CPU
		{9F87F94A-3A1A-40D6-8DB0-3A920259541A}.Debug|Any CPU.ActiveCfg = Debug|Any CPU
		{9F87F94A-3A1A-40D6-8DB0-3A920259541A}.Debug|Any CPU.Build.0 = Debug|Any CPU
		{9F87F94A-3A1A-40D6-8DB0-3A920259541A}.Release|Any CPU.ActiveCfg = Release|Any CPU
		{9F87F94A-3A1A-40D6-8DB0-3A920259541A}.Release|Any CPU.Build.0 = Release|Any CPU
		{030CA0F9-8255-448D-A9A7-D4C793DFE013}.Debug|Any CPU.ActiveCfg = Debug|Any CPU
		{030CA0F9-8255-448D-A9A7-D4C793DFE013}.Debug|Any CPU.Build.0 = Debug|Any CPU
		{030CA0F9-8255-448D-A9A7-D4C793DFE013}.Release|Any CPU.ActiveCfg = Release|Any CPU
		{030CA0F9-8255-448D-A9A7-D4C793DFE013}.Release|Any CPU.Build.0 = Release|Any CPU
		{D99C2E0B-4F0E-41AD-B979-7DECC942E155}.Debug|Any CPU.ActiveCfg = Debug|Any CPU
		{D99C2E0B-4F0E-41AD-B979-7DECC942E155}.Debug|Any CPU.Build.0 = Debug|Any CPU
		{D99C2E0B-4F0E-41AD-B979-7DECC942E155}.Release|Any CPU.ActiveCfg = Release|Any CPU
		{D99C2E0B-4F0E-41AD-B979-7DECC942E155}.Release|Any CPU.Build.0 = Release|Any CPU
	EndGlobalSection
	GlobalSection(SolutionProperties) = preSolution
		HideSolutionNode = FALSE
	EndGlobalSection
	GlobalSection(ExtensibilityGlobals) = postSolution
		SolutionGuid = {DF64FDBB-60F8-40F7-8142-B2BDDB826369}
	EndGlobalSection
EndGlobal
